{
  "name": "modular-admin-html",
  "version": "2.0.0-alpha",
  "lockfileVersion": 1,
  "dependencies": {
    "clone": {
      "version": "2.1.1",
      "resolved": "https://registry.npmjs.org/clone/-/clone-2.1.1.tgz",
      "integrity": "sha1-0hfR6WERjjrJpLi7oyhVU79kfNs="
    },
    "deep-equal": {
      "version": "1.0.1",
      "resolved": "https://registry.npmjs.org/deep-equal/-/deep-equal-1.0.1.tgz",
      "integrity": "sha1-9dJgKStmDghO/0zbyfCK0yR0SLU="
    },
    "eventemitter3": {
      "version": "2.0.3",
      "resolved": "https://registry.npmjs.org/eventemitter3/-/eventemitter3-2.0.3.tgz",
      "integrity": "sha1-teEHm1n7XhuidxwKmTvgYKWMmbo="
    },
    "extend": {
      "version": "3.0.1",
      "resolved": "https://registry.npmjs.org/extend/-/extend-3.0.1.tgz",
      "integrity": "sha1-p1Xqe8Gt/MWjHOfnYtuq3F5jZEQ="
    },
    "fast-diff": {
      "version": "1.1.2",
      "resolved": "https://registry.npmjs.org/fast-diff/-/fast-diff-1.1.2.tgz",
      "integrity": "sha512-KaJUt+M9t1qaIteSvjc6P3RbMdXsNhK61GRftR6SNxqmhthcd9MGIi4T+o0jD8LUSpSnSKXE20nLtJ3fOHxQig=="
    },
    "parchment": {
      "version": "1.1.3",
      "resolved": "https://registry.npmjs.org/parchment/-/parchment-1.1.3.tgz",
      "integrity": "sha512-41Y+F8FejGa+URCuDTlS1zzzlYCwoZFTWpVwiQWDL82LFAAlIIiAo3JGJSLMiSPDeM3avFUivdXN3iY/i4mBXg=="
    },
    "quill": {
      "version": "1.3.5",
      "resolved": "https://registry.npmjs.org/quill/-/quill-1.3.5.tgz",
      "integrity": "sha512-08P1DqKz4OZPJSlwSiZQxQ1a0F56+KEz6MttlpDNE42+WpjGuOyvsEQepScpdeyilHWrQwh61M5C1KelP8I8IA=="
    },
    "quill-delta": {
      "version": "3.6.2",
      "resolved": "https://registry.npmjs.org/quill-delta/-/quill-delta-3.6.2.tgz",
      "integrity": "sha512-grWEQq9woEidPDogtDNxQKmy2LFf9zBC0EU/YTSw6TwKmMjtihTxdnPtPRfrqazB2MSJ7YdCWxmsJ7aQKRSEgg=="
    }
  }
}
